{
  "name": "ezpr",
  "version": "1.0.0",
  "lockfileVersion": 1,
  "requires": true,
  "dependencies": {
    "@tehshrike/shell-escape-tag": {
      "version": "1.2.2",
      "resolved": "https://registry.npmjs.org/@tehshrike/shell-escape-tag/-/shell-escape-tag-1.2.2.tgz",
      "integrity": "sha512-n4po2smkOF+DSdnzRwWF/5CCrHF/HJ4VwW8XZbrn+4DnS1bsIVygxls+Xs26oei/ZBXLzUowrH+O7i3UeJLfRA==",
      "requires": {
        "any-shell-escape": "^0.1.1",
        "inspect-custom-symbol": "^1.1.0",
        "lodash.flattendeep": "4.4.0",
        "lodash.zip": "4.2.0"
      }
    },
    "any-shell-escape": {
      "version": "0.1.1",
      "resolved": "https://registry.npmjs.org/any-shell-escape/-/any-shell-escape-0.1.1.tgz",
      "integrity": "sha1-1Vq5ciRMcaml4asIefML8RCAaVk="
    },
    "github-url-from-git": {
      "version": "1.5.0",
      "resolved": "https://registry.npmjs.org/github-url-from-git/-/github-url-from-git-1.5.0.tgz",
      "integrity": "sha1-+YX+3MCpqledyI16/waNVcxiUaA="
    },
    "inspect-custom-symbol": {
      "version": "1.1.0",
      "resolved": "https://registry.npmjs.org/inspect-custom-symbol/-/inspect-custom-symbol-1.1.0.tgz",
      "integrity": "sha512-vtI2YXBRZBkU6DlfHfd0GtZENfiEiTacAXUd0ZY6HA+X7aPznpFfPmzSC+tHKXAkz9KDSdI4AYfwAMXR5t+isg=="
    },
    "is-wsl": {
      "version": "1.1.0",
      "resolved": "https://registry.npmjs.org/is-wsl/-/is-wsl-1.1.0.tgz",
      "integrity": "sha1-HxbkqiKwTRM2tmGIpmrzxgDDpm0="
    },
    "lodash.flattendeep": {
      "version": "4.4.0",
      "resolved": "https://registry.npmjs.org/lodash.flattendeep/-/lodash.flattendeep-4.4.0.tgz",
      "integrity": "sha1-+wMJF/hqMTTlvJvsDWngAT3f7bI="
    },
    "lodash.zip": {
      "version": "4.2.0",
      "resolved": "https://registry.npmjs.org/lodash.zip/-/lodash.zip-4.2.0.tgz",
      "integrity": "sha1-7GZi5IlkCO1KtsVCo5kLcswIACA="
    },
    "opn": {
      "version": "5.4.0",
      "resolved": "https://registry.npmjs.org/opn/-/opn-5.4.0.tgz",
      "integrity": "sha512-YF9MNdVy/0qvJvDtunAOzFw9iasOQHpVthTCvGzxt61Il64AYSGdK+rYwld7NAfk9qJ7dt+hymBNSc9LNYS+Sw==",
      "requires": {
        "is-wsl": "^1.1.0"
      }
    },
    "shell-tag": {
      "version": "1.0.4",
      "resolved": "https://registry.npmjs.org/shell-tag/-/shell-tag-1.0.4.tgz",
      "integrity": "sha512-CViPg3ZM6XikAYzMyhAfnM2bA1aZtbSKomvifysppOffL78N6Ik0SL5gho2mUeQWdRxTmdfYIxDxDQyiuegBxQ==",
      "requires": {
        "@tehshrike/shell-escape-tag": "~1.2.2"
      }
    }
  }
}
